
Microsoft Visual Studio Solution File, Format Version 12.00
# Visual Studio Version 17
VisualStudioVersion = 17.10.35004.147
MinimumVisualStudioVersion = 10.0.40219.1
Project("{9A19103F-16F7-4668-BE54-9A1E7A4F7556}") = "PRL", "DuAn1_NHOM6\PRL.csproj", "{36578D2C-C707-45AB-BEFD-DDB7E07478C4}"
EndProject
Project("{9A19103F-16F7-4668-BE54-9A1E7A4F7556}") = "BUS", "BUS\BUS.csproj", "{C8A3F7B0-1858-46B8-8A0B-A194D877A45D}"
EndProject
Project("{9A19103F-16F7-4668-BE54-9A1E7A4F7556}") = "DAL", "DAL\DAL.csproj", "{7BABA478-D98D-473D-B446-96076C2BFE00}"
EndProject
Global
	GlobalSection(SolutionConfigurationPlatforms) = preSolution
		Debug|Any CPU = Debug|Any CPU
		Release|Any CPU = Release|Any CPU
	EndGlobalSection
	GlobalSection(ProjectConfigurationPlatforms) = postSolution
		{36578D2C-C707-45AB-BEFD-DDB7E07478C4}.Debug|Any CPU.ActiveCfg = Debug|Any CPU
		{36578D2C-C707-45AB-BEFD-DDB7E07478C4}.Debug|Any CPU.Build.0 = Debug|Any CPU
		{36578D2C-C707-45AB-BEFD-DDB7E07478C4}.Release|Any CPU.ActiveCfg = Release|Any CPU
		{36578D2C-C707-45AB-BEFD-DDB7E07478C4}.Release|Any CPU.Build.0 = Release|Any CPU
		{C8A3F7B0-1858-46B8-8A0B-A194D877A45D}.Debug|Any CPU.ActiveCfg = Debug|Any CPU
		{C8A3F7B0-1858-46B8-8A0B-A194D877A45D}.Debug|Any CPU.Build.0 = Debug|Any CPU
		{C8A3F7B0-1858-46B8-8A0B-A194D877A45D}.Release|Any CPU.ActiveCfg = Release|Any CPU
		{C8A3F7B0-1858-46B8-8A0B-A194D877A45D}.Release|Any CPU.Build.0 = Release|Any CPU
		{7BABA478-D98D-473D-B446-96076C2BFE00}.Debug|Any CPU.ActiveCfg = Debug|Any CPU
		{7BABA478-D98D-473D-B446-96076C2BFE00}.Debug|Any CPU.Build.0 = Debug|Any CPU
		{7BABA478-D98D-473D-B446-96076C2BFE00}.Release|Any CPU.ActiveCfg = Release|Any CPU
		{7BABA478-D98D-473D-B446-96076C2BFE00}.Release|Any CPU.Build.0 = Release|Any CPU
	EndGlobalSection
	GlobalSection(SolutionProperties) = preSolution
		HideSolutionNode = FALSE
	EndGlobalSection
	GlobalSection(ExtensibilityGlobals) = postSolution
		SolutionGuid = {87DB3AD4-C5AE-4BDD-BA46-8D2200AFB16C}
	EndGlobalSection
EndGlobal
